# This file is automatically @generated by Cargo.
# It is not intended for manual editing.
version = 4

[[package]]
name = "base64"
version = "0.23.0"
source = "registry+https://github.com/rust-lang/crates.io-index"
checksum = "b25655df2c3cdd83c5e5b293b88acd880332b2ddadd7c30ac43144fdc0033da9"

[[package]]
name = "base64-ng"
version = "2.0.1"

[[package]]
name = "base64-ng-imap"
version = "2.0.1"
dependencies = [
 "base64-ng",
]

[[package]]
name = "base64-ng-mime"
version = "2.0.1"
dependencies = [
 "base64-ng",
]

[[package]]
name = "base64-ng-multibase"
version = "2.0.1"
dependencies = [
 "base64-ng",
]

[[package]]
name = "base64-ng-openpgp"
version = "2.0.1"
dependencies = [
 "base64-ng",
]

[[package]]
name = "base64-ng-password"
version = "2.0.1"
dependencies = [
 "base64-ng",
]

[[package]]
name = "base64-ng-pem"
version = "2.0.1"
dependencies = [
 "base64-ng",
]

[[package]]
name = "base64-ng-protocol-registry-runner"
version = "0.0.0"
dependencies = [
 "base64",
 "base64-ng",
 "base64-ng-imap",
 "base64-ng-mime",
 "base64-ng-multibase",
 "base64-ng-openpgp",
 "base64-ng-password",
 "base64-ng-pem",
 "base64ct",
]

[[package]]
name = "base64ct"
version = "1.8.3"
source = "registry+https://github.com/rust-lang/crates.io-index"
checksum = "2af50177e190e07a26ab74f8b1efbfe2ef87da2116221318cb1c2e82baf7de06"
