{
  "name": "@valkyoth/base64-ng-wasm-loader",
  "version": "2.0.0",
  "lockfileVersion": 3,
  "requires": true,
  "packages": {
    "": {
      "name": "@valkyoth/base64-ng-wasm-loader",
      "version": "2.0.0",
      "license": "MIT OR Apache-2.0",
      "engines": {
        "node": ">=20"
      }
    }
  }
}
